
Microsoft Visual Studio Solution File, Format Version 12.00
# Visual Studio 14
VisualStudioVersion = 14.0.25420.1
MinimumVisualStudioVersion = 10.0.40219.1
Project("{FAE04EC0-301F-11D3-BF4B-00C04F79EFBC}") = "PAT.UI", "PAT.UI\PAT.UI.csproj", "{F2D9F8AC-41DA-4576-8D7D-4736BD9E51F8}"
EndProject
Project("{FAE04EC0-301F-11D3-BF4B-00C04F79EFBC}") = "PAT.Tests", "PAT.Tests\PAT.Tests.csproj", "{7B456637-6426-4298-8ED5-E6AF1EFE84D8}"
EndProject
Project("{FAE04EC0-301F-11D3-BF4B-00C04F79EFBC}") = "PAT.Calculators", "PAT.Calculators\PAT.Calculators.csproj", "{6363015C-B728-4468-99EE-CB09B13FB2D8}"
EndProject
Project("{FAE04EC0-301F-11D3-BF4B-00C04F79EFBC}") = "PAT.Domain", "PAT.Models\PAT.Domain.csproj", "{9BC278F1-91AE-4BC3-A182-3617596FF00A}"
EndProject
Project("{FAE04EC0-301F-11D3-BF4B-00C04F79EFBC}") = "PAT.Database", "PAT.Database\PAT.Database.csproj", "{C0127B5B-5FBE-4364-B7EE-BC77D40812C0}"
EndProject
Project("{FAE04EC0-301F-11D3-BF4B-00C04F79EFBC}") = "PAT.Tests.Console", "PAT.Tests.Console\PAT.Tests.Console.csproj", "{0CAEF4CC-773E-4787-B112-B6EB9A6A5AA6}"
EndProject
Project("{FAE04EC0-301F-11D3-BF4B-00C04F79EFBC}") = "PAT.Entities", "PAT.Entities\PAT.Entities.csproj", "{4D3D7651-27D2-40FF-BA35-0F382CB2FF23}"
EndProject
Project("{FAE04EC0-301F-11D3-BF4B-00C04F79EFBC}") = "PAT.Abstractions", "PAT.Abstractions\PAT.Abstractions.csproj", "{E6D573CF-1E4E-435C-844D-F1C34A7A2F8D}"
EndProject
Global
	GlobalSection(SolutionConfigurationPlatforms) = preSolution
		Debug|Any CPU = Debug|Any CPU
		Release|Any CPU = Release|Any CPU
	EndGlobalSection
	GlobalSection(ProjectConfigurationPlatforms) = postSolution
		{F2D9F8AC-41DA-4576-8D7D-4736BD9E51F8}.Debug|Any CPU.ActiveCfg = Debug|Any CPU
		{F2D9F8AC-41DA-4576-8D7D-4736BD9E51F8}.Debug|Any CPU.Build.0 = Debug|Any CPU
		{F2D9F8AC-41DA-4576-8D7D-4736BD9E51F8}.Release|Any CPU.ActiveCfg = Release|Any CPU
		{F2D9F8AC-41DA-4576-8D7D-4736BD9E51F8}.Release|Any CPU.Build.0 = Release|Any CPU
		{7B456637-6426-4298-8ED5-E6AF1EFE84D8}.Debug|Any CPU.ActiveCfg = Debug|Any CPU
		{7B456637-6426-4298-8ED5-E6AF1EFE84D8}.Debug|Any CPU.Build.0 = Debug|Any CPU
		{7B456637-6426-4298-8ED5-E6AF1EFE84D8}.Release|Any CPU.ActiveCfg = Release|Any CPU
		{7B456637-6426-4298-8ED5-E6AF1EFE84D8}.Release|Any CPU.Build.0 = Release|Any CPU
		{6363015C-B728-4468-99EE-CB09B13FB2D8}.Debug|Any CPU.ActiveCfg = Debug|Any CPU
		{6363015C-B728-4468-99EE-CB09B13FB2D8}.Debug|Any CPU.Build.0 = Debug|Any CPU
		{6363015C-B728-4468-99EE-CB09B13FB2D8}.Release|Any CPU.ActiveCfg = Release|Any CPU
		{6363015C-B728-4468-99EE-CB09B13FB2D8}.Release|Any CPU.Build.0 = Release|Any CPU
		{9BC278F1-91AE-4BC3-A182-3617596FF00A}.Debug|Any CPU.ActiveCfg = Debug|Any CPU
		{9BC278F1-91AE-4BC3-A182-3617596FF00A}.Debug|Any CPU.Build.0 = Debug|Any CPU
		{9BC278F1-91AE-4BC3-A182-3617596FF00A}.Release|Any CPU.ActiveCfg = Release|Any CPU
		{9BC278F1-91AE-4BC3-A182-3617596FF00A}.Release|Any CPU.Build.0 = Release|Any CPU
		{C0127B5B-5FBE-4364-B7EE-BC77D40812C0}.Debug|Any CPU.ActiveCfg = Debug|Any CPU
		{C0127B5B-5FBE-4364-B7EE-BC77D40812C0}.Debug|Any CPU.Build.0 = Debug|Any CPU
		{C0127B5B-5FBE-4364-B7EE-BC77D40812C0}.Release|Any CPU.ActiveCfg = Release|Any CPU
		{C0127B5B-5FBE-4364-B7EE-BC77D40812C0}.Release|Any CPU.Build.0 = Release|Any CPU
		{0CAEF4CC-773E-4787-B112-B6EB9A6A5AA6}.Debug|Any CPU.ActiveCfg = Debug|Any CPU
		{0CAEF4CC-773E-4787-B112-B6EB9A6A5AA6}.Debug|Any CPU.Build.0 = Debug|Any CPU
		{0CAEF4CC-773E-4787-B112-B6EB9A6A5AA6}.Release|Any CPU.ActiveCfg = Release|Any CPU
		{0CAEF4CC-773E-4787-B112-B6EB9A6A5AA6}.Release|Any CPU.Build.0 = Release|Any CPU
		{4D3D7651-27D2-40FF-BA35-0F382CB2FF23}.Debug|Any CPU.ActiveCfg = Debug|Any CPU
		{4D3D7651-27D2-40FF-BA35-0F382CB2FF23}.Debug|Any CPU.Build.0 = Debug|Any CPU
		{4D3D7651-27D2-40FF-BA35-0F382CB2FF23}.Release|Any CPU.ActiveCfg = Release|Any CPU
		{4D3D7651-27D2-40FF-BA35-0F382CB2FF23}.Release|Any CPU.Build.0 = Release|Any CPU
		{E6D573CF-1E4E-435C-844D-F1C34A7A2F8D}.Debug|Any CPU.ActiveCfg = Debug|Any CPU
		{E6D573CF-1E4E-435C-844D-F1C34A7A2F8D}.Debug|Any CPU.Build.0 = Debug|Any CPU
		{E6D573CF-1E4E-435C-844D-F1C34A7A2F8D}.Release|Any CPU.ActiveCfg = Release|Any CPU
		{E6D573CF-1E4E-435C-844D-F1C34A7A2F8D}.Release|Any CPU.Build.0 = Release|Any CPU
	EndGlobalSection
	GlobalSection(SolutionProperties) = preSolution
		HideSolutionNode = FALSE
	EndGlobalSection
EndGlobal
