
Microsoft Visual Studio Solution File, Format Version 12.00
# Visual Studio 14
VisualStudioVersion = 14.0.25420.1
MinimumVisualStudioVersion = 10.0.40219.1
Project("{FAE04EC0-301F-11D3-BF4B-00C04F79EFBC}") = "PAT.UI", "PAT.UI\PAT.UI.csproj", "{F2D9F8AC-41DA-4576-8D7D-4736BD9E51F8}"
EndProject
Project("{FAE04EC0-301F-11D3-BF4B-00C04F79EFBC}") = "PAT.Tests", "PAT.Tests\PAT.Tests.csproj", "{7B456637-6426-4298-8ED5-E6AF1EFE84D8}"
EndProject
Project("{FAE04EC0-301F-11D3-BF4B-00C04F79EFBC}") = "PAT.Calculators", "PAT.Calculators\PAT.Calculators.csproj", "{6363015C-B728-4468-99EE-CB09B13FB2D8}"
EndProject
Project("{FAE04EC0-301F-11D3-BF4B-00C04F79EFBC}") = "PAT.Models", "PAT.Models\PAT.Models.csproj", "{9BC278F1-91AE-4BC3-A182-3617596FF00A}"
EndProject
Project("{FAE04EC0-301F-11D3-BF4B-00C04F79EFBC}") = "PAT.Abstractions", "PAT.Abstractions\PAT.Abstractions.csproj", "{BDC8E4CD-854B-4713-9FF1-652639E8FF59}"
EndProject
Project("{FAE04EC0-301F-11D3-BF4B-00C04F79EFBC}") = "PAT.Tests.IocMock", "PAT.Tests.IocMock\PAT.Tests.IocMock.csproj", "{6558DE9A-292B-4AC7-B95F-01725E6DF634}"
EndProject
Global
	GlobalSection(SolutionConfigurationPlatforms) = preSolution
		Debug|Any CPU = Debug|Any CPU
		Release|Any CPU = Release|Any CPU
	EndGlobalSection
	GlobalSection(ProjectConfigurationPlatforms) = postSolution
		{F2D9F8AC-41DA-4576-8D7D-4736BD9E51F8}.Debug|Any CPU.ActiveCfg = Debug|Any CPU
		{F2D9F8AC-41DA-4576-8D7D-4736BD9E51F8}.Debug|Any CPU.Build.0 = Debug|Any CPU
		{F2D9F8AC-41DA-4576-8D7D-4736BD9E51F8}.Release|Any CPU.ActiveCfg = Release|Any CPU
		{F2D9F8AC-41DA-4576-8D7D-4736BD9E51F8}.Release|Any CPU.Build.0 = Release|Any CPU
		{7B456637-6426-4298-8ED5-E6AF1EFE84D8}.Debug|Any CPU.ActiveCfg = Debug|Any CPU
		{7B456637-6426-4298-8ED5-E6AF1EFE84D8}.Debug|Any CPU.Build.0 = Debug|Any CPU
		{7B456637-6426-4298-8ED5-E6AF1EFE84D8}.Release|Any CPU.ActiveCfg = Release|Any CPU
		{7B456637-6426-4298-8ED5-E6AF1EFE84D8}.Release|Any CPU.Build.0 = Release|Any CPU
		{6363015C-B728-4468-99EE-CB09B13FB2D8}.Debug|Any CPU.ActiveCfg = Debug|Any CPU
		{6363015C-B728-4468-99EE-CB09B13FB2D8}.Debug|Any CPU.Build.0 = Debug|Any CPU
		{6363015C-B728-4468-99EE-CB09B13FB2D8}.Release|Any CPU.ActiveCfg = Release|Any CPU
		{6363015C-B728-4468-99EE-CB09B13FB2D8}.Release|Any CPU.Build.0 = Release|Any CPU
		{9BC278F1-91AE-4BC3-A182-3617596FF00A}.Debug|Any CPU.ActiveCfg = Debug|Any CPU
		{9BC278F1-91AE-4BC3-A182-3617596FF00A}.Debug|Any CPU.Build.0 = Debug|Any CPU
		{9BC278F1-91AE-4BC3-A182-3617596FF00A}.Release|Any CPU.ActiveCfg = Release|Any CPU
		{9BC278F1-91AE-4BC3-A182-3617596FF00A}.Release|Any CPU.Build.0 = Release|Any CPU
		{BDC8E4CD-854B-4713-9FF1-652639E8FF59}.Debug|Any CPU.ActiveCfg = Debug|Any CPU
		{BDC8E4CD-854B-4713-9FF1-652639E8FF59}.Debug|Any CPU.Build.0 = Debug|Any CPU
		{BDC8E4CD-854B-4713-9FF1-652639E8FF59}.Release|Any CPU.ActiveCfg = Release|Any CPU
		{BDC8E4CD-854B-4713-9FF1-652639E8FF59}.Release|Any CPU.Build.0 = Release|Any CPU
		{6558DE9A-292B-4AC7-B95F-01725E6DF634}.Debug|Any CPU.ActiveCfg = Debug|Any CPU
		{6558DE9A-292B-4AC7-B95F-01725E6DF634}.Debug|Any CPU.Build.0 = Debug|Any CPU
		{6558DE9A-292B-4AC7-B95F-01725E6DF634}.Release|Any CPU.ActiveCfg = Release|Any CPU
		{6558DE9A-292B-4AC7-B95F-01725E6DF634}.Release|Any CPU.Build.0 = Release|Any CPU
	EndGlobalSection
	GlobalSection(SolutionProperties) = preSolution
		HideSolutionNode = FALSE
	EndGlobalSection
EndGlobal
